{
  "nodes": {
    "bazel-central-registry": {
      "flake": false,
      "locked": {
        "lastModified": 1768435124,
        "narHash": "sha256-SvqUxTllKedv4DgFx5yFZdmEHKPP0yHKNuZdKJecZkE=",
        "owner": "bazelbuild",
        "repo": "bazel-central-registry",
        "rev": "3f159ca0853d2d8b0466370a827aabfa0bef3102",
        "type": "github"
      },
      "original": {
        "owner": "bazelbuild",
        "repo": "bazel-central-registry",
        "type": "github"
      }
    },
    "nixpkgs": {
      "locked": {
        "lastModified": 1768127708,
        "narHash": "sha256-1Sm77VfZh3mU0F5OqKABNLWxOuDeHIlcFjsXeeiPazs=",
        "owner": "nixos",
        "repo": "nixpkgs",
        "rev": "ffbc9f8cbaacfb331b6017d5a5abb21a492c9a38",
        "type": "github"
      },
      "original": {
        "owner": "nixos",
        "ref": "nixos-unstable",
        "repo": "nixpkgs",
        "type": "github"
      }
    },
    "root": {
      "inputs": {
        "bazel-central-registry": "bazel-central-registry",
        "nixpkgs": "nixpkgs"
      }
    }
  },
  "root": "root",
  "version": 7
}
