{
  "nodes": {
    "bazel-central-registry": {
      "flake": false,
      "locked": {
        "lastModified": 1767308373,
        "narHash": "sha256-CC+E9oiPbfNCWEgi+hHlw9ZZI86SbUwt6b/5DD8Z4iQ=",
        "owner": "bazelbuild",
        "repo": "bazel-central-registry",
        "rev": "4e27ee79e58387382fae6f3ecb052886b18fb9a2",
        "type": "github"
      },
      "original": {
        "owner": "bazelbuild",
        "repo": "bazel-central-registry",
        "type": "github"
      }
    },
    "nixpkgs": {
      "locked": {
        "lastModified": 1765186076,
        "narHash": "sha256-hM20uyap1a0M9d344I692r+ik4gTMyj60cQWO+hAYP8=",
        "owner": "nixos",
        "repo": "nixpkgs",
        "rev": "addf7cf5f383a3101ecfba091b98d0a1263dc9b8",
        "type": "github"
      },
      "original": {
        "owner": "nixos",
        "ref": "nixos-unstable",
        "repo": "nixpkgs",
        "type": "github"
      }
    },
    "root": {
      "inputs": {
        "bazel-central-registry": "bazel-central-registry",
        "nixpkgs": "nixpkgs"
      }
    }
  },
  "root": "root",
  "version": 7
}
